
Microsoft Visual Studio Solution File, Format Version 12.00
# Visual Studio Version 17
VisualStudioVersion = 17.6.33723.286
MinimumVisualStudioVersion = 10.0.40219.1
Project("{9A19103F-16F7-4668-BE54-9A1E7A4F7556}") = "pdftest", "pdftest.csproj", "{81A69213-9605-479B-A40C-A7AF91DD84BC}"
EndProject
Global
	GlobalSection(SolutionConfigurationPlatforms) = preSolution
		Debug|Any CPU = Debug|Any CPU
		Release|Any CPU = Release|Any CPU
	EndGlobalSection
	GlobalSection(ProjectConfigurationPlatforms) = postSolution
		{81A69213-9605-479B-A40C-A7AF91DD84BC}.Debug|Any CPU.ActiveCfg = Debug|Any CPU
		{81A69213-9605-479B-A40C-A7AF91DD84BC}.Debug|Any CPU.Build.0 = Debug|Any CPU
		{81A69213-9605-479B-A40C-A7AF91DD84BC}.Release|Any CPU.ActiveCfg = Release|Any CPU
		{81A69213-9605-479B-A40C-A7AF91DD84BC}.Release|Any CPU.Build.0 = Release|Any CPU
	EndGlobalSection
	GlobalSection(SolutionProperties) = preSolution
		HideSolutionNode = FALSE
	EndGlobalSection
	GlobalSection(ExtensibilityGlobals) = postSolution
		SolutionGuid = {729A2173-920C-4CBD-87A7-808B6640E2CE}
	EndGlobalSection
EndGlobal
